
Microsoft Visual Studio Solution File, Format Version 12.00
# Visual Studio 15
VisualStudioVersion = 15.0.28010.2036
MinimumVisualStudioVersion = 10.0.40219.1
Project("{FAE04EC0-301F-11D3-BF4B-00C04F79EFBC}") = "IconExplorer", "IconExplorer\IconExplorer.csproj", "{C928194F-4F73-4FCC-AF12-79D1FA80CCE2}"
EndProject
Global
	GlobalSection(SolutionConfigurationPlatforms) = preSolution
		Debug|Any CPU = Debug|Any CPU
		Release|Any CPU = Release|Any CPU
	EndGlobalSection
	GlobalSection(ProjectConfigurationPlatforms) = postSolution
		{C928194F-4F73-4FCC-AF12-79D1FA80CCE2}.Debug|Any CPU.ActiveCfg = Debug|Any CPU
		{C928194F-4F73-4FCC-AF12-79D1FA80CCE2}.Debug|Any CPU.Build.0 = Debug|Any CPU
		{C928194F-4F73-4FCC-AF12-79D1FA80CCE2}.Release|Any CPU.ActiveCfg = Release|Any CPU
		{C928194F-4F73-4FCC-AF12-79D1FA80CCE2}.Release|Any CPU.Build.0 = Release|Any CPU
	EndGlobalSection
	GlobalSection(SolutionProperties) = preSolution
		HideSolutionNode = FALSE
	EndGlobalSection
	GlobalSection(ExtensibilityGlobals) = postSolution
		SolutionGuid = {F4A5AC7D-6C8D-4F07-975E-4C45230F94B7}
	EndGlobalSection
EndGlobal
